
Microsoft Visual Studio Solution File, Format Version 12.00
# Visual Studio Version 16
VisualStudioVersion = 16.0.30114.105
MinimumVisualStudioVersion = 10.0.40219.1
Project("{FAE04EC0-301F-11D3-BF4B-00C04F79EFBC}") = "API", "API\API.csproj", "{23ECA2C9-47B6-4CBB-9FBC-F689AA7B82AE}"
EndProject
Project("{FAE04EC0-301F-11D3-BF4B-00C04F79EFBC}") = "Application", "Application\Application.csproj", "{61BE9722-CBE2-40D7-B606-2001F33899D3}"
EndProject
Project("{FAE04EC0-301F-11D3-BF4B-00C04F79EFBC}") = "Data", "Data\Data.csproj", "{7C171488-E1B3-42B3-9880-5760BF8AA2E3}"
EndProject
Project("{FAE04EC0-301F-11D3-BF4B-00C04F79EFBC}") = "Domain", "Domain\Domain.csproj", "{13279CDF-CA70-41F9-986A-A418B56F6C0E}"
EndProject
Global
	GlobalSection(SolutionConfigurationPlatforms) = preSolution
		Debug|Any CPU = Debug|Any CPU
		Debug|x64 = Debug|x64
		Debug|x86 = Debug|x86
		Release|Any CPU = Release|Any CPU
		Release|x64 = Release|x64
		Release|x86 = Release|x86
	EndGlobalSection
	GlobalSection(SolutionProperties) = preSolution
		HideSolutionNode = FALSE
	EndGlobalSection
	GlobalSection(ProjectConfigurationPlatforms) = postSolution
		{23ECA2C9-47B6-4CBB-9FBC-F689AA7B82AE}.Debug|Any CPU.ActiveCfg = Debug|Any CPU
		{23ECA2C9-47B6-4CBB-9FBC-F689AA7B82AE}.Debug|Any CPU.Build.0 = Debug|Any CPU
		{23ECA2C9-47B6-4CBB-9FBC-F689AA7B82AE}.Debug|x64.ActiveCfg = Debug|Any CPU
		{23ECA2C9-47B6-4CBB-9FBC-F689AA7B82AE}.Debug|x64.Build.0 = Debug|Any CPU
		{23ECA2C9-47B6-4CBB-9FBC-F689AA7B82AE}.Debug|x86.ActiveCfg = Debug|Any CPU
		{23ECA2C9-47B6-4CBB-9FBC-F689AA7B82AE}.Debug|x86.Build.0 = Debug|Any CPU
		{23ECA2C9-47B6-4CBB-9FBC-F689AA7B82AE}.Release|Any CPU.ActiveCfg = Release|Any CPU
		{23ECA2C9-47B6-4CBB-9FBC-F689AA7B82AE}.Release|Any CPU.Build.0 = Release|Any CPU
		{23ECA2C9-47B6-4CBB-9FBC-F689AA7B82AE}.Release|x64.ActiveCfg = Release|Any CPU
		{23ECA2C9-47B6-4CBB-9FBC-F689AA7B82AE}.Release|x64.Build.0 = Release|Any CPU
		{23ECA2C9-47B6-4CBB-9FBC-F689AA7B82AE}.Release|x86.ActiveCfg = Release|Any CPU
		{23ECA2C9-47B6-4CBB-9FBC-F689AA7B82AE}.Release|x86.Build.0 = Release|Any CPU
		{61BE9722-CBE2-40D7-B606-2001F33899D3}.Debug|Any CPU.ActiveCfg = Debug|Any CPU
		{61BE9722-CBE2-40D7-B606-2001F33899D3}.Debug|Any CPU.Build.0 = Debug|Any CPU
		{61BE9722-CBE2-40D7-B606-2001F33899D3}.Debug|x64.ActiveCfg = Debug|Any CPU
		{61BE9722-CBE2-40D7-B606-2001F33899D3}.Debug|x64.Build.0 = Debug|Any CPU
		{61BE9722-CBE2-40D7-B606-2001F33899D3}.Debug|x86.ActiveCfg = Debug|Any CPU
		{61BE9722-CBE2-40D7-B606-2001F33899D3}.Debug|x86.Build.0 = Debug|Any CPU
		{61BE9722-CBE2-40D7-B606-2001F33899D3}.Release|Any CPU.ActiveCfg = Release|Any CPU
		{61BE9722-CBE2-40D7-B606-2001F33899D3}.Release|Any CPU.Build.0 = Release|Any CPU
		{61BE9722-CBE2-40D7-B606-2001F33899D3}.Release|x64.ActiveCfg = Release|Any CPU
		{61BE9722-CBE2-40D7-B606-2001F33899D3}.Release|x64.Build.0 = Release|Any CPU
		{61BE9722-CBE2-40D7-B606-2001F33899D3}.Release|x86.ActiveCfg = Release|Any CPU
		{61BE9722-CBE2-40D7-B606-2001F33899D3}.Release|x86.Build.0 = Release|Any CPU
		{7C171488-E1B3-42B3-9880-5760BF8AA2E3}.Debug|Any CPU.ActiveCfg = Debug|Any CPU
		{7C171488-E1B3-42B3-9880-5760BF8AA2E3}.Debug|Any CPU.Build.0 = Debug|Any CPU
		{7C171488-E1B3-42B3-9880-5760BF8AA2E3}.Debug|x64.ActiveCfg = Debug|Any CPU
		{7C171488-E1B3-42B3-9880-5760BF8AA2E3}.Debug|x64.Build.0 = Debug|Any CPU
		{7C171488-E1B3-42B3-9880-5760BF8AA2E3}.Debug|x86.ActiveCfg = Debug|Any CPU
		{7C171488-E1B3-42B3-9880-5760BF8AA2E3}.Debug|x86.Build.0 = Debug|Any CPU
		{7C171488-E1B3-42B3-9880-5760BF8AA2E3}.Release|Any CPU.ActiveCfg = Release|Any CPU
		{7C171488-E1B3-42B3-9880-5760BF8AA2E3}.Release|Any CPU.Build.0 = Release|Any CPU
		{7C171488-E1B3-42B3-9880-5760BF8AA2E3}.Release|x64.ActiveCfg = Release|Any CPU
		{7C171488-E1B3-42B3-9880-5760BF8AA2E3}.Release|x64.Build.0 = Release|Any CPU
		{7C171488-E1B3-42B3-9880-5760BF8AA2E3}.Release|x86.ActiveCfg = Release|Any CPU
		{7C171488-E1B3-42B3-9880-5760BF8AA2E3}.Release|x86.Build.0 = Release|Any CPU
		{13279CDF-CA70-41F9-986A-A418B56F6C0E}.Debug|Any CPU.ActiveCfg = Debug|Any CPU
		{13279CDF-CA70-41F9-986A-A418B56F6C0E}.Debug|Any CPU.Build.0 = Debug|Any CPU
		{13279CDF-CA70-41F9-986A-A418B56F6C0E}.Debug|x64.ActiveCfg = Debug|Any CPU
		{13279CDF-CA70-41F9-986A-A418B56F6C0E}.Debug|x64.Build.0 = Debug|Any CPU
		{13279CDF-CA70-41F9-986A-A418B56F6C0E}.Debug|x86.ActiveCfg = Debug|Any CPU
		{13279CDF-CA70-41F9-986A-A418B56F6C0E}.Debug|x86.Build.0 = Debug|Any CPU
		{13279CDF-CA70-41F9-986A-A418B56F6C0E}.Release|Any CPU.ActiveCfg = Release|Any CPU
		{13279CDF-CA70-41F9-986A-A418B56F6C0E}.Release|Any CPU.Build.0 = Release|Any CPU
		{13279CDF-CA70-41F9-986A-A418B56F6C0E}.Release|x64.ActiveCfg = Release|Any CPU
		{13279CDF-CA70-41F9-986A-A418B56F6C0E}.Release|x64.Build.0 = Release|Any CPU
		{13279CDF-CA70-41F9-986A-A418B56F6C0E}.Release|x86.ActiveCfg = Release|Any CPU
		{13279CDF-CA70-41F9-986A-A418B56F6C0E}.Release|x86.Build.0 = Release|Any CPU
	EndGlobalSection
EndGlobal
